
Microsoft Visual Studio Solution File, Format Version 12.00
# Visual Studio Version 16
VisualStudioVersion = 16.0.29102.190
MinimumVisualStudioVersion = 10.0.40219.1
Project("{9A19103F-16F7-4668-BE54-9A1E7A4F7556}") = "preview", "preview.csproj", "{9505B973-9DBA-48BC-8F68-3F44E09858F7}"
EndProject
Global
	GlobalSection(SolutionConfigurationPlatforms) = preSolution
		Debug|Any CPU = Debug|Any CPU
		Release|Any CPU = Release|Any CPU
	EndGlobalSection
	GlobalSection(ProjectConfigurationPlatforms) = postSolution
		{9505B973-9DBA-48BC-8F68-3F44E09858F7}.Debug|Any CPU.ActiveCfg = Debug|Any CPU
		{9505B973-9DBA-48BC-8F68-3F44E09858F7}.Debug|Any CPU.Build.0 = Debug|Any CPU
		{9505B973-9DBA-48BC-8F68-3F44E09858F7}.Release|Any CPU.ActiveCfg = Release|Any CPU
		{9505B973-9DBA-48BC-8F68-3F44E09858F7}.Release|Any CPU.Build.0 = Release|Any CPU
	EndGlobalSection
	GlobalSection(SolutionProperties) = preSolution
		HideSolutionNode = FALSE
	EndGlobalSection
	GlobalSection(ExtensibilityGlobals) = postSolution
		SolutionGuid = {AFF7DB0B-4CA6-4740-BAAE-7C3A1A751DF4}
	EndGlobalSection
EndGlobal
